
Microsoft Visual Studio Solution File, Format Version 12.00
# Visual Studio Version 16
VisualStudioVersion = 16.0.29326.143
MinimumVisualStudioVersion = 10.0.40219.1
Project("{FAE04EC0-301F-11D3-BF4B-00C04F79EFBC}") = "XML-Editor", "XML-Editor\XML-Editor.csproj", "{4616D65D-70F3-4C41-B616-55B25549A448}"
EndProject
Global
	GlobalSection(SolutionConfigurationPlatforms) = preSolution
		Debug|Any CPU = Debug|Any CPU
		Release|Any CPU = Release|Any CPU
	EndGlobalSection
	GlobalSection(ProjectConfigurationPlatforms) = postSolution
		{4616D65D-70F3-4C41-B616-55B25549A448}.Debug|Any CPU.ActiveCfg = Debug|Any CPU
		{4616D65D-70F3-4C41-B616-55B25549A448}.Debug|Any CPU.Build.0 = Debug|Any CPU
		{4616D65D-70F3-4C41-B616-55B25549A448}.Release|Any CPU.ActiveCfg = Release|Any CPU
		{4616D65D-70F3-4C41-B616-55B25549A448}.Release|Any CPU.Build.0 = Release|Any CPU
	EndGlobalSection
	GlobalSection(SolutionProperties) = preSolution
		HideSolutionNode = FALSE
	EndGlobalSection
	GlobalSection(ExtensibilityGlobals) = postSolution
		SolutionGuid = {5F1EE378-2AF7-4463-B07A-E66F752DE79D}
	EndGlobalSection
EndGlobal
